<Solution>

  <Folder Name="/VoxelEngine/0_Common/">
    <Project Path="Source/VoxelEngine/0_Common/Common.Core.csproj" />
  </Folder>

  
  <Folder Name="/VoxelEngine/01_Engine/">
    <Project Path="Source/VoxelEngine/1_Engine/Engine.Core/Engine.Core.csproj" />
    <Project Path="Source/VoxelEngine/1_Engine/Engine.Runtime/Engine.Runtime.csproj" />
  </Folder>


  <Folder Name="/VoxelEngine/02_Features/" >
    <Project Path="Source/VoxelEngine/2_Features/Features.Client/Features.Client.csproj" />
    <Project Path="Source/VoxelEngine/2_Features/Features.Server/Features.Server.csproj" />
    <Project Path="Source/VoxelEngine/2_Features/Features.Core/Features.Core.csproj" />

    <Project Path="Source/VoxelEngine/2_Features/Features.IO/Features.IO.csproj" />
    <Project Path="Source/VoxelEngine/2_Features/Features.Assets/Features.Assets.csproj" />
    
    <Project Path="Source/VoxelEngine/2_Features/Features.Graphics/Features.Graphics.csproj" />
    <Project Path="Source/VoxelEngine/2_Features/Features.Input/Features.Input.csproj" />
    <Project Path="Source/VoxelEngine/2_Features/Features.Audio/Features.Audio.csproj" />
    <Project Path="Source/VoxelEngine/2_Features/Features.Physics/Features.Physics.csproj" />

    <Project Path="Source/VoxelEngine/2_Features/Features.Rendering/Features.Rendering.csproj" />
  </Folder>

  <Folder Name="/VoxelEngine/02_Features/Editor/" >
  </Folder>

  <Folder Name="/VoxelEngine/03_Drivers/">
    <Project Path="Source/VoxelEngine/3_Drivers/Drivers.Input.Silk/Drivers.Input.Silk.csproj" />
    <Project Path="Source/VoxelEngine/3_Drivers/Drivers.Audio.OpenAl/Drivers.Audio.OpenAl.csproj" />
    <Project Path="Source/VoxelEngine/3_Drivers/Drivers.Graphics.OpenGL/Drivers.Graphics.OpenGL.csproj" />
    <Project Path="Source/VoxelEngine/3_Drivers/Drivers.Physics.Bepu/Drivers.Physics.Bepu.csproj" />
  </Folder>


  <Folder Name="/VoxelEngine/04_Packages/">
    <Project Path="Source/VoxelEngine/4_Packages/Packages.Standart/Packages.Standart.csproj" />
    <Project Path="Source/VoxelEngine/4_Packages/Packages.Voxel/Packages.Voxel.csproj" />
  </Folder>

  <Folder Name="/VoxelEngine/05_RuntimeContext/" >
    <Project Path="Source\VoxelEngine\5_RuntimeContext\RuntimeContext.Standalone\RuntimeContext.Standalone.csproj" />
  </Folder>


  <Folder Name="/VoxelEngine/06_Platforms/">
    <Project Path="Source/VoxelEngine/6_Platforms/Platforms.Desktop/Platforms.Desktop.csproj" />
    <Project Path="Source/VoxelEngine/6_Platforms/Platforms.Mobile.Android/Platforms.Mobile.Android.csproj" />
  </Folder>

  <!-- UGC & Games -->

  <Folder Name="/UGC/" />
  <Folder Name="/UGC/Games/" />

  <Folder Name="/UGC/Games/TestingGame/">
    <Project Path="Source/UGC/Games/TestingGame/Source/Project/TestingGame.csproj" />
  </Folder>
  <Folder Name="/UGC/Games/TestingGame/Targets/">
    <Project Path="Source/UGC/Games/TestingGame/Targets/Desktop/TestingGame.Targets.Desktop.csproj" />
  </Folder>



</Solution>
